{
  "name": "jtdc-example",
  "lockfileVersion": 2,
  "requires": true,
  "packages": {
    "": {
      "name": "jtdc-example",
      "license": "MIT"
    },
    "..": {
      "name": "jtdc",
      "version": "1.0.0",
      "extraneous": true,
      "license": "MIT",
      "dependencies": {
        "commander": "^8.0.0",
        "json-pointer": "^0.6.1"
      },
      "bin": {
        "jtdc": "lib/jtdc-bin.js"
      },
      "devDependencies": {
        "@rollup/plugin-commonjs": "^19.0.0",
        "@rollup/plugin-node-resolve": "^13.0.0",
        "@types/jest": "^26.0.23",
        "@types/json-pointer": "^1.0.31",
        "jest": "^27.0.2",
        "rollup": "^2.50.5",
        "terser": "^5.7.0",
        "ts-jest": "^27.0.2",
        "typedoc": "^0.21.2",
        "typescript": "^4.3.2"
      }
    }
  }
}
